
Microsoft Visual Studio Solution File, Format Version 12.00
Project("{FAE04EC0-301F-11D3-BF4B-00C04F79EFBC}") = "Api", "src\Api\Api.csproj", "{53D8AEE9-5DD1-47BE-9F68-193ED168AACC}"
EndProject
Project("{FAE04EC0-301F-11D3-BF4B-00C04F79EFBC}") = "Domain", "src\Domain\Domain.csproj", "{250069A4-59F5-4408-92C1-2C948A8331BB}"
EndProject
Project("{FAE04EC0-301F-11D3-BF4B-00C04F79EFBC}") = "Infrastructure", "src\Infrastructure\Infrastructure.csproj", "{B1E9C59A-0D65-4323-BB2A-4D0535B5E368}"
EndProject
Project("{FAE04EC0-301F-11D3-BF4B-00C04F79EFBC}") = "Application", "src\Application\Application.csproj", "{237BEC82-9FDD-4132-A81F-E7FB99A9510E}"
EndProject
Project("{2150E333-8FDC-42A3-9474-1A3956D46DE8}") = "src", "src", "{B93F9799-4181-4B6E-9562-0B33699DDA23}"
EndProject
Project("{2150E333-8FDC-42A3-9474-1A3956D46DE8}") = "tests", "tests", "{B761CF4F-1023-4484-A982-F0E69318CE4E}"
EndProject
Project("{FAE04EC0-301F-11D3-BF4B-00C04F79EFBC}") = "Application.Tests", "tests\Application.Tests\Application.Tests.csproj", "{6FD12680-3260-497B-B734-1E3FA0A2642F}"
EndProject
Project("{FAE04EC0-301F-11D3-BF4B-00C04F79EFBC}") = "Infrastructure.Tests", "tests\Infrastructure.Tests\Infrastructure.Tests.csproj", "{159FA657-B4BD-4D56-9148-864DD8A2F455}"
EndProject
Project("{FAE04EC0-301F-11D3-BF4B-00C04F79EFBC}") = "Domain.Tests", "tests\Domain.Tests\Domain.Tests.csproj", "{57F96BB6-0904-4087-AFA9-2DBAF13CC8AB}"
EndProject
Project("{FAE04EC0-301F-11D3-BF4B-00C04F79EFBC}") = "Api.Tests", "tests\Api.Tests\Api.Tests.csproj", "{5162DB0D-0873-43B0-9DE8-FD8D8D9A2243}"
EndProject
Global
	GlobalSection(SolutionConfigurationPlatforms) = preSolution
		Debug|Any CPU = Debug|Any CPU
		Release|Any CPU = Release|Any CPU
	EndGlobalSection
	GlobalSection(ProjectConfigurationPlatforms) = postSolution
		{53D8AEE9-5DD1-47BE-9F68-193ED168AACC}.Debug|Any CPU.ActiveCfg = Debug|Any CPU
		{53D8AEE9-5DD1-47BE-9F68-193ED168AACC}.Debug|Any CPU.Build.0 = Debug|Any CPU
		{53D8AEE9-5DD1-47BE-9F68-193ED168AACC}.Release|Any CPU.ActiveCfg = Release|Any CPU
		{53D8AEE9-5DD1-47BE-9F68-193ED168AACC}.Release|Any CPU.Build.0 = Release|Any CPU
		{250069A4-59F5-4408-92C1-2C948A8331BB}.Debug|Any CPU.ActiveCfg = Debug|Any CPU
		{250069A4-59F5-4408-92C1-2C948A8331BB}.Debug|Any CPU.Build.0 = Debug|Any CPU
		{250069A4-59F5-4408-92C1-2C948A8331BB}.Release|Any CPU.ActiveCfg = Release|Any CPU
		{250069A4-59F5-4408-92C1-2C948A8331BB}.Release|Any CPU.Build.0 = Release|Any CPU
		{B1E9C59A-0D65-4323-BB2A-4D0535B5E368}.Debug|Any CPU.ActiveCfg = Debug|Any CPU
		{B1E9C59A-0D65-4323-BB2A-4D0535B5E368}.Debug|Any CPU.Build.0 = Debug|Any CPU
		{B1E9C59A-0D65-4323-BB2A-4D0535B5E368}.Release|Any CPU.ActiveCfg = Release|Any CPU
		{B1E9C59A-0D65-4323-BB2A-4D0535B5E368}.Release|Any CPU.Build.0 = Release|Any CPU
		{237BEC82-9FDD-4132-A81F-E7FB99A9510E}.Debug|Any CPU.ActiveCfg = Debug|Any CPU
		{237BEC82-9FDD-4132-A81F-E7FB99A9510E}.Debug|Any CPU.Build.0 = Debug|Any CPU
		{237BEC82-9FDD-4132-A81F-E7FB99A9510E}.Release|Any CPU.ActiveCfg = Release|Any CPU
		{237BEC82-9FDD-4132-A81F-E7FB99A9510E}.Release|Any CPU.Build.0 = Release|Any CPU
		{6FD12680-3260-497B-B734-1E3FA0A2642F}.Debug|Any CPU.ActiveCfg = Debug|Any CPU
		{6FD12680-3260-497B-B734-1E3FA0A2642F}.Debug|Any CPU.Build.0 = Debug|Any CPU
		{6FD12680-3260-497B-B734-1E3FA0A2642F}.Release|Any CPU.ActiveCfg = Release|Any CPU
		{6FD12680-3260-497B-B734-1E3FA0A2642F}.Release|Any CPU.Build.0 = Release|Any CPU
		{159FA657-B4BD-4D56-9148-864DD8A2F455}.Debug|Any CPU.ActiveCfg = Debug|Any CPU
		{159FA657-B4BD-4D56-9148-864DD8A2F455}.Debug|Any CPU.Build.0 = Debug|Any CPU
		{159FA657-B4BD-4D56-9148-864DD8A2F455}.Release|Any CPU.ActiveCfg = Release|Any CPU
		{159FA657-B4BD-4D56-9148-864DD8A2F455}.Release|Any CPU.Build.0 = Release|Any CPU
		{57F96BB6-0904-4087-AFA9-2DBAF13CC8AB}.Debug|Any CPU.ActiveCfg = Debug|Any CPU
		{57F96BB6-0904-4087-AFA9-2DBAF13CC8AB}.Debug|Any CPU.Build.0 = Debug|Any CPU
		{57F96BB6-0904-4087-AFA9-2DBAF13CC8AB}.Release|Any CPU.ActiveCfg = Release|Any CPU
		{57F96BB6-0904-4087-AFA9-2DBAF13CC8AB}.Release|Any CPU.Build.0 = Release|Any CPU
		{5162DB0D-0873-43B0-9DE8-FD8D8D9A2243}.Debug|Any CPU.ActiveCfg = Debug|Any CPU
		{5162DB0D-0873-43B0-9DE8-FD8D8D9A2243}.Debug|Any CPU.Build.0 = Debug|Any CPU
		{5162DB0D-0873-43B0-9DE8-FD8D8D9A2243}.Release|Any CPU.ActiveCfg = Release|Any CPU
		{5162DB0D-0873-43B0-9DE8-FD8D8D9A2243}.Release|Any CPU.Build.0 = Release|Any CPU
	EndGlobalSection
	GlobalSection(NestedProjects) = preSolution
		{53D8AEE9-5DD1-47BE-9F68-193ED168AACC} = {B93F9799-4181-4B6E-9562-0B33699DDA23}
		{237BEC82-9FDD-4132-A81F-E7FB99A9510E} = {B93F9799-4181-4B6E-9562-0B33699DDA23}
		{250069A4-59F5-4408-92C1-2C948A8331BB} = {B93F9799-4181-4B6E-9562-0B33699DDA23}
		{B1E9C59A-0D65-4323-BB2A-4D0535B5E368} = {B93F9799-4181-4B6E-9562-0B33699DDA23}
		{6FD12680-3260-497B-B734-1E3FA0A2642F} = {B761CF4F-1023-4484-A982-F0E69318CE4E}
		{159FA657-B4BD-4D56-9148-864DD8A2F455} = {B761CF4F-1023-4484-A982-F0E69318CE4E}
		{57F96BB6-0904-4087-AFA9-2DBAF13CC8AB} = {B761CF4F-1023-4484-A982-F0E69318CE4E}
		{5162DB0D-0873-43B0-9DE8-FD8D8D9A2243} = {B761CF4F-1023-4484-A982-F0E69318CE4E}
	EndGlobalSection
EndGlobal
